
Microsoft Visual Studio Solution File, Format Version 12.00
# Visual Studio Version 17
VisualStudioVersion = 17.7.34003.232
MinimumVisualStudioVersion = 10.0.40219.1
Project("{FAE04EC0-301F-11D3-BF4B-00C04F79EFBC}") = "denemekardesss", "denemekardesss.csproj", "{CBB72192-753B-4186-9567-D47ACCD6AF9E}"
EndProject
Global
	GlobalSection(SolutionConfigurationPlatforms) = preSolution
		Debug|Any CPU = Debug|Any CPU
		Release|Any CPU = Release|Any CPU
	EndGlobalSection
	GlobalSection(ProjectConfigurationPlatforms) = postSolution
		{CBB72192-753B-4186-9567-D47ACCD6AF9E}.Debug|Any CPU.ActiveCfg = Debug|Any CPU
		{CBB72192-753B-4186-9567-D47ACCD6AF9E}.Debug|Any CPU.Build.0 = Debug|Any CPU
		{CBB72192-753B-4186-9567-D47ACCD6AF9E}.Release|Any CPU.ActiveCfg = Release|Any CPU
		{CBB72192-753B-4186-9567-D47ACCD6AF9E}.Release|Any CPU.Build.0 = Release|Any CPU
	EndGlobalSection
	GlobalSection(SolutionProperties) = preSolution
		HideSolutionNode = FALSE
	EndGlobalSection
	GlobalSection(ExtensibilityGlobals) = postSolution
		SolutionGuid = {D2F64E0A-16FF-4433-87CA-B7B4CFF6503D}
	EndGlobalSection
EndGlobal
